
Microsoft Visual Studio Solution File, Format Version 12.00
# Visual Studio 15
VisualStudioVersion = 15.0.27130.2027
MinimumVisualStudioVersion = 10.0.40219.1
Project("{FAE04EC0-301F-11D3-BF4B-00C04F79EFBC}") = "MVCManukauTech", "MVCManukauTech\MVCManukauTech.csproj", "{02728BAC-CA7A-4E99-9E94-2B82B9C91D0D}"
EndProject
Global
	GlobalSection(SolutionConfigurationPlatforms) = preSolution
		Debug|Any CPU = Debug|Any CPU
		Release|Any CPU = Release|Any CPU
	EndGlobalSection
	GlobalSection(ProjectConfigurationPlatforms) = postSolution
		{02728BAC-CA7A-4E99-9E94-2B82B9C91D0D}.Debug|Any CPU.ActiveCfg = Debug|Any CPU
		{02728BAC-CA7A-4E99-9E94-2B82B9C91D0D}.Debug|Any CPU.Build.0 = Debug|Any CPU
		{02728BAC-CA7A-4E99-9E94-2B82B9C91D0D}.Release|Any CPU.ActiveCfg = Release|Any CPU
		{02728BAC-CA7A-4E99-9E94-2B82B9C91D0D}.Release|Any CPU.Build.0 = Release|Any CPU
	EndGlobalSection
	GlobalSection(SolutionProperties) = preSolution
		HideSolutionNode = FALSE
	EndGlobalSection
	GlobalSection(ExtensibilityGlobals) = postSolution
		SolutionGuid = {0BF87F88-FB7F-47E5-9FD2-93D1FC596B63}
	EndGlobalSection
EndGlobal
